{
  "name": "exprazor-jsclient",
  "version": "0.1.0",
  "lockfileVersion": 1,
  "requires": true,
  "dependencies": {
    "@cspotcode/source-map-consumer": {
      "version": "0.8.0",
      "resolved": "https://registry.npmjs.org/@cspotcode/source-map-consumer/-/source-map-consumer-0.8.0.tgz",
      "integrity": "sha512-41qniHzTU8yAGbCp04ohlmSrZf8bkf/iJsl3V0dRGsQN/5GFfx+LbCSsCpp2gqrqjTVg/K6O8ycoV35JIwAzAg==",
      "dev": true
    },
    "@cspotcode/source-map-support": {
      "version": "0.7.0",
      "resolved": "https://registry.npmjs.org/@cspotcode/source-map-support/-/source-map-support-0.7.0.tgz",
      "integrity": "sha512-X4xqRHqN8ACt2aHVe51OxeA2HjbcL4MqFqXkrmQszJ1NOUuUu5u6Vqx/0lZSVNku7velL5FC/s5uEAj1lsBMhA==",
      "dev": true,
      "requires": {
        "@cspotcode/source-map-consumer": "0.8.0"
      }
    },
    "@microsoft/signalr": {
      "version": "6.0.0",
      "resolved": "https://registry.npmjs.org/@microsoft/signalr/-/signalr-6.0.0.tgz",
      "integrity": "sha512-Y38bG/i9V1fOfOLcfTl2+OqPH7+0A7DgojJ7YILgfQ0vGGmnZwdCtrzCvSsRIzKTIrB/ZSQ3n4BA5VOO+MFkrA==",
      "requires": {
        "abort-controller": "^3.0.0",
        "eventsource": "^1.0.7",
        "fetch-cookie": "^0.11.0",
        "node-fetch": "^2.6.1",
        "ws": "^7.4.5"
      }
    },
    "@tsconfig/node10": {
      "version": "1.0.8",
      "resolved": "https://registry.npmjs.org/@tsconfig/node10/-/node10-1.0.8.tgz",
      "integrity": "sha512-6XFfSQmMgq0CFLY1MslA/CPUfhIL919M1rMsa5lP2P097N2Wd1sSX0tx1u4olM16fLNhtHZpRhedZJphNJqmZg==",
      "dev": true
    },
    "@tsconfig/node12": {
      "version": "1.0.9",
      "resolved": "https://registry.npmjs.org/@tsconfig/node12/-/node12-1.0.9.tgz",
      "integrity": "sha512-/yBMcem+fbvhSREH+s14YJi18sp7J9jpuhYByADT2rypfajMZZN4WQ6zBGgBKp53NKmqI36wFYDb3yaMPurITw==",
      "dev": true
    },
    "@tsconfig/node14": {
      "version": "1.0.1",
      "resolved": "https://registry.npmjs.org/@tsconfig/node14/-/node14-1.0.1.tgz",
      "integrity": "sha512-509r2+yARFfHHE7T6Puu2jjkoycftovhXRqW328PDXTVGKihlb1P8Z9mMZH04ebyajfRY7dedfGynlrFHJUQCg==",
      "dev": true
    },
    "@tsconfig/node16": {
      "version": "1.0.2",
      "resolved": "https://registry.npmjs.org/@tsconfig/node16/-/node16-1.0.2.tgz",
      "integrity": "sha512-eZxlbI8GZscaGS7kkc/trHTT5xgrjH3/1n2JDwusC9iahPKWMRvRjJSAN5mCXviuTGQ/lHnhvv8Q1YTpnfz9gA==",
      "dev": true
    },
    "abort-controller": {
      "version": "3.0.0",
      "resolved": "https://registry.npmjs.org/abort-controller/-/abort-controller-3.0.0.tgz",
      "integrity": "sha512-h8lQ8tacZYnR3vNQTgibj+tODHI5/+l06Au2Pcriv/Gmet0eaj4TwWH41sO9wnHDiQsEj19q0drzdWdeAHtweg==",
      "requires": {
        "event-target-shim": "^5.0.0"
      }
    },
    "acorn": {
      "version": "8.6.0",
      "resolved": "https://registry.npmjs.org/acorn/-/acorn-8.6.0.tgz",
      "integrity": "sha512-U1riIR+lBSNi3IbxtaHOIKdH8sLFv3NYfNv8sg7ZsNhcfl4HF2++BfqqrNAxoCLQW1iiylOj76ecnaUxz+z9yw==",
      "dev": true
    },
    "acorn-walk": {
      "version": "8.2.0",
      "resolved": "https://registry.npmjs.org/acorn-walk/-/acorn-walk-8.2.0.tgz",
      "integrity": "sha512-k+iyHEuPgSw6SbuDpGQM+06HQUa04DZ3o+F6CSzXMvvI5KMvnaEqXe+YVe555R9nn6GPt404fos4wcgpw12SDA==",
      "dev": true
    },
    "arg": {
      "version": "4.1.3",
      "resolved": "https://registry.npmjs.org/arg/-/arg-4.1.3.tgz",
      "integrity": "sha512-58S9QDqG0Xx27YwPSt9fJxivjYl432YCwfDMfZ+71RAqUrZef7LrKQZ3LHLOwCS4FLNBplP533Zx895SeOCHvA==",
      "dev": true
    },
    "balanced-match": {
      "version": "1.0.2",
      "resolved": "https://registry.npmjs.org/balanced-match/-/balanced-match-1.0.2.tgz",
      "integrity": "sha512-3oSeUO0TMV67hN1AmbXsK4yaqU7tjiHlbxRDZOpH0KW9+CeX4bRAaX0Anxt0tx2MrpRpWwQaPwIlISEJhYU5Pw==",
      "dev": true
    },
    "brace-expansion": {
      "version": "1.1.11",
      "resolved": "https://registry.npmjs.org/brace-expansion/-/brace-expansion-1.1.11.tgz",
      "integrity": "sha512-iCuPHDFgrHX7H2vEI/5xpz07zSHB00TpugqhmYtVmMO6518mCuRMoOYFldEBl0g187ufozdaHgWKcYFb61qGiA==",
      "dev": true,
      "requires": {
        "balanced-match": "^1.0.0",
        "concat-map": "0.0.1"
      }
    },
    "concat-map": {
      "version": "0.0.1",
      "resolved": "https://registry.npmjs.org/concat-map/-/concat-map-0.0.1.tgz",
      "integrity": "sha1-2Klr13/Wjfd5OnMDajug1UBdR3s=",
      "dev": true
    },
    "create-require": {
      "version": "1.1.1",
      "resolved": "https://registry.npmjs.org/create-require/-/create-require-1.1.1.tgz",
      "integrity": "sha512-dcKFX3jn0MpIaXjisoRvexIJVEKzaq7z2rZKxf+MSr9TkdmHmsU4m2lcLojrj/FHl8mk5VxMmYA+ftRkP/3oKQ==",
      "dev": true
    },
    "diff": {
      "version": "4.0.2",
      "resolved": "https://registry.npmjs.org/diff/-/diff-4.0.2.tgz",
      "integrity": "sha512-58lmxKSA4BNyLz+HHMUzlOEpg09FV+ev6ZMe3vJihgdxzgcwZ8VoEEPmALCZG9LmqfVoNMMKpttIYTVG6uDY7A==",
      "dev": true
    },
    "esbuild": {
      "version": "0.14.1",
      "resolved": "https://registry.npmjs.org/esbuild/-/esbuild-0.14.1.tgz",
      "integrity": "sha512-J/LhUwELcmz0+CJfiaKzu7Rnj9ffWFLvMx+dKvdOfg+fQmoP6q9glla26LCm9BxpnPUjXChHeubLiMlKab/PYg==",
      "dev": true,
      "requires": {
        "esbuild-android-arm64": "0.14.1",
        "esbuild-darwin-64": "0.14.1",
        "esbuild-darwin-arm64": "0.14.1",
        "esbuild-freebsd-64": "0.14.1",
        "esbuild-freebsd-arm64": "0.14.1",
        "esbuild-linux-32": "0.14.1",
        "esbuild-linux-64": "0.14.1",
        "esbuild-linux-arm": "0.14.1",
        "esbuild-linux-arm64": "0.14.1",
        "esbuild-linux-mips64le": "0.14.1",
        "esbuild-linux-ppc64le": "0.14.1",
        "esbuild-netbsd-64": "0.14.1",
        "esbuild-openbsd-64": "0.14.1",
        "esbuild-sunos-64": "0.14.1",
        "esbuild-windows-32": "0.14.1",
        "esbuild-windows-64": "0.14.1",
        "esbuild-windows-arm64": "0.14.1"
      }
    },
    "esbuild-android-arm64": {
      "version": "0.14.1",
      "resolved": "https://registry.npmjs.org/esbuild-android-arm64/-/esbuild-android-arm64-0.14.1.tgz",
      "integrity": "sha512-elQd3hTg93nU2GQ5PPCDAFe5+utxZX96RG8RixqIPxf8pzmyIzcpKG76L/9FabPf3LT1z+nLF1sajCU8eVRDyg==",
      "dev": true,
      "optional": true
    },
    "esbuild-darwin-64": {
      "version": "0.14.1",
      "resolved": "https://registry.npmjs.org/esbuild-darwin-64/-/esbuild-darwin-64-0.14.1.tgz",
      "integrity": "sha512-PR3HZgbPRwsQbbOR1fJrfkt/Cs0JDyI3yzOKg2PPWk0H1AseZDBqPUY9b/0+BIjFwA5Jz/aAiq832hppsuJtNw==",
      "dev": true,
      "optional": true
    },
    "esbuild-darwin-arm64": {
      "version": "0.14.1",
      "resolved": "https://registry.npmjs.org/esbuild-darwin-arm64/-/esbuild-darwin-arm64-0.14.1.tgz",
      "integrity": "sha512-/fiSSOkOEa3co6yYtwgXouz8jZrG0qnXPEKiktFf2BQE8NON3ARTw43ZegaH+xMRFNgYBJEOOZIdzI3sIFEAxw==",
      "dev": true,
      "optional": true
    },
    "esbuild-freebsd-64": {
      "version": "0.14.1",
      "resolved": "https://registry.npmjs.org/esbuild-freebsd-64/-/esbuild-freebsd-64-0.14.1.tgz",
      "integrity": "sha512-ZJV+nfa8E8PdXnRc05PO3YMfgSj7Ko+kdHyGDE6OaNo1cO8ZyfacqLaWkY35shDDaeacklhD8ZR4qq5nbJKX1A==",
      "dev": true,
      "optional": true
    },
    "esbuild-freebsd-arm64": {
      "version": "0.14.1",
      "resolved": "https://registry.npmjs.org/esbuild-freebsd-arm64/-/esbuild-freebsd-arm64-0.14.1.tgz",
      "integrity": "sha512-6N9zTD+SecJr2g9Ohl9C10WIk5FpQ+52bNamRy0sJoHwP31G5ObzKzq8jAtg1Jeggpu6P8auz3P/UL+3YioSwQ==",
      "dev": true,
      "optional": true
    },
    "esbuild-linux-32": {
      "version": "0.14.1",
      "resolved": "https://registry.npmjs.org/esbuild-linux-32/-/esbuild-linux-32-0.14.1.tgz",
      "integrity": "sha512-RtPgE6e7WefbAxRjVryisKFJ0nUwR2DMjwmYW/a1a0F1+Ge6FR+RqvgiY0DrM9TtxSUU0eryDXNF4n3UfxX3mg==",
      "dev": true,
      "optional": true
    },
    "esbuild-linux-64": {
      "version": "0.14.1",
      "resolved": "https://registry.npmjs.org/esbuild-linux-64/-/esbuild-linux-64-0.14.1.tgz",
      "integrity": "sha512-JpxM0ar6Z+2v3vfFrxP7bFb8Wzb6gcGL9MxRqAJplDfGnee8HbfPge6svaazXeX9XJceeEqwxwWGB0qyCcxo7A==",
      "dev": true,
      "optional": true
    },
    "esbuild-linux-arm": {
      "version": "0.14.1",
      "resolved": "https://registry.npmjs.org/esbuild-linux-arm/-/esbuild-linux-arm-0.14.1.tgz",
      "integrity": "sha512-eBRHexCijAYWzcvQLGHxyxIlYOkYhXvcb/O7HvzJfCAVWCnTx9TxxYJ3UppBC6dDFbAq4HwKhskvmesQdKMeBg==",
      "dev": true,
      "optional": true
    },
    "esbuild-linux-arm64": {
      "version": "0.14.1",
      "resolved": "https://registry.npmjs.org/esbuild-linux-arm64/-/esbuild-linux-arm64-0.14.1.tgz",
      "integrity": "sha512-cFbeZf171bIf+PPLlQDBzagK85lCCxxVdMV1IVUA96Y3kvEgqcy2n9mha+QE1M/T+lIOPDsmLRgH1XqMFwLTSg==",
      "dev": true,
      "optional": true
    },
    "esbuild-linux-mips64le": {
      "version": "0.14.1",
      "resolved": "https://registry.npmjs.org/esbuild-linux-mips64le/-/esbuild-linux-mips64le-0.14.1.tgz",
      "integrity": "sha512-UGb+sqHkL7wOQFLH0RoFhcRAlJNqbqs6GtJd1It5jJ2juOGqAkCv8V12aGDX9oRB6a+Om7cdHcH+6AMZ+qlaww==",
      "dev": true,
      "optional": true
    },
    "esbuild-linux-ppc64le": {
      "version": "0.14.1",
      "resolved": "https://registry.npmjs.org/esbuild-linux-ppc64le/-/esbuild-linux-ppc64le-0.14.1.tgz",
      "integrity": "sha512-LIHGkGdy9wYlmkkoVHm6feWhkoi4VBXDiEVyNjXEhlzsBcP/CaRy+B8IJulzaU1ALLiGcsCQ2MC5UbFn/iTvmA==",
      "dev": true,
      "optional": true
    },
    "esbuild-netbsd-64": {
      "version": "0.14.1",
      "resolved": "https://registry.npmjs.org/esbuild-netbsd-64/-/esbuild-netbsd-64-0.14.1.tgz",
      "integrity": "sha512-TWc1QIgtPwaK5nC1GT2ASTuy/CJhNKHN4h5PJRP1186VfI+k2uvXakS7bqO/M26F6jAMy8jDeCtilacqpwsvfA==",
      "dev": true,
      "optional": true
    },
    "esbuild-openbsd-64": {
      "version": "0.14.1",
      "resolved": "https://registry.npmjs.org/esbuild-openbsd-64/-/esbuild-openbsd-64-0.14.1.tgz",
      "integrity": "sha512-Z9/Zb77K+pK9s7mAsvwS56K8tCbLvNZ9UI4QVJSYqDgOmmDJOBT4owWnCqZ5cJI+2y4/F9KwCpFFTNUdPglPKA==",
      "dev": true,
      "optional": true
    },
    "esbuild-sunos-64": {
      "version": "0.14.1",
      "resolved": "https://registry.npmjs.org/esbuild-sunos-64/-/esbuild-sunos-64-0.14.1.tgz",
      "integrity": "sha512-c4sF8146kNW8529wfkB6vO0ZqPgokyS2hORqKa4p/QKZdp+xrF2NPmvX5aN+Zt14oe6wVZuhYo6LGv7V4Gg04g==",
      "dev": true,
      "optional": true
    },
    "esbuild-windows-32": {
      "version": "0.14.1",
      "resolved": "https://registry.npmjs.org/esbuild-windows-32/-/esbuild-windows-32-0.14.1.tgz",
      "integrity": "sha512-XP8yElaJtLGGjH7D72t5IWtP0jmc1Jqm4IjQARB17l0LTJO/n+N2X64rDWePJv6qimYxa5p2vTjkZc5v+YZTSQ==",
      "dev": true,
      "optional": true
    },
    "esbuild-windows-64": {
      "version": "0.14.1",
      "resolved": "https://registry.npmjs.org/esbuild-windows-64/-/esbuild-windows-64-0.14.1.tgz",
      "integrity": "sha512-fe+ShdyfiuGcCEdVKW//6MaM4MwikiWBWSBn8mebNAbjRqicH0injDOFVI7aUovAfrEt7+FGkf402s//hi0BVg==",
      "dev": true,
      "optional": true
    },
    "esbuild-windows-arm64": {
      "version": "0.14.1",
      "resolved": "https://registry.npmjs.org/esbuild-windows-arm64/-/esbuild-windows-arm64-0.14.1.tgz",
      "integrity": "sha512-wBVakhcIzQ3NZ33DFM6TjIObXPHaXOsqzvPwefXHvwBSC/N/e/g6fBeM7N/Moj3AmxLjKaB+vePvTGdxk6RPCg==",
      "dev": true,
      "optional": true
    },
    "event-target-shim": {
      "version": "5.0.1",
      "resolved": "https://registry.npmjs.org/event-target-shim/-/event-target-shim-5.0.1.tgz",
      "integrity": "sha512-i/2XbnSz/uxRCU6+NdVJgKWDTM427+MqYbkQzD321DuCQJUqOuJKIA0IM2+W2xtYHdKOmZ4dR6fExsd4SXL+WQ=="
    },
    "eventsource": {
      "version": "1.1.0",
      "resolved": "https://registry.npmjs.org/eventsource/-/eventsource-1.1.0.tgz",
      "integrity": "sha512-VSJjT5oCNrFvCS6igjzPAt5hBzQ2qPBFIbJ03zLI9SE0mxwZpMw6BfJrbFHm1a141AavMEB8JHmBhWAd66PfCg==",
      "requires": {
        "original": "^1.0.0"
      }
    },
    "fetch-cookie": {
      "version": "0.11.0",
      "resolved": "https://registry.npmjs.org/fetch-cookie/-/fetch-cookie-0.11.0.tgz",
      "integrity": "sha512-BQm7iZLFhMWFy5CZ/162sAGjBfdNWb7a8LEqqnzsHFhxT/X/SVj/z2t2nu3aJvjlbQkrAlTUApplPRjWyH4mhA==",
      "requires": {
        "tough-cookie": "^2.3.3 || ^3.0.1 || ^4.0.0"
      }
    },
    "fs.realpath": {
      "version": "1.0.0",
      "resolved": "https://registry.npmjs.org/fs.realpath/-/fs.realpath-1.0.0.tgz",
      "integrity": "sha1-FQStJSMVjKpA20onh8sBQRmU6k8=",
      "dev": true
    },
    "glob": {
      "version": "7.2.0",
      "resolved": "https://registry.npmjs.org/glob/-/glob-7.2.0.tgz",
      "integrity": "sha512-lmLf6gtyrPq8tTjSmrO94wBeQbFR3HbLHbuyD69wuyQkImp2hWqMGB47OX65FBkPffO641IP9jWa1z4ivqG26Q==",
      "dev": true,
      "requires": {
        "fs.realpath": "^1.0.0",
        "inflight": "^1.0.4",
        "inherits": "2",
        "minimatch": "^3.0.4",
        "once": "^1.3.0",
        "path-is-absolute": "^1.0.0"
      }
    },
    "inflight": {
      "version": "1.0.6",
      "resolved": "https://registry.npmjs.org/inflight/-/inflight-1.0.6.tgz",
      "integrity": "sha1-Sb1jMdfQLQwJvJEKEHW6gWW1bfk=",
      "dev": true,
      "requires": {
        "once": "^1.3.0",
        "wrappy": "1"
      }
    },
    "inherits": {
      "version": "2.0.4",
      "resolved": "https://registry.npmjs.org/inherits/-/inherits-2.0.4.tgz",
      "integrity": "sha512-k/vGaX4/Yla3WzyMCvTQOXYeIHvqOKtnqBduzTHpzpQZzAskKMhZ2K+EnBiSM9zGSoIFeMpXKxa4dYeZIQqewQ==",
      "dev": true
    },
    "make-error": {
      "version": "1.3.6",
      "resolved": "https://registry.npmjs.org/make-error/-/make-error-1.3.6.tgz",
      "integrity": "sha512-s8UhlNe7vPKomQhC1qFelMokr/Sc3AgNbso3n74mVPA5LTZwkB9NlXf4XPamLxJE8h0gh73rM94xvwRT2CVInw==",
      "dev": true
    },
    "minimatch": {
      "version": "3.0.4",
      "resolved": "https://registry.npmjs.org/minimatch/-/minimatch-3.0.4.tgz",
      "integrity": "sha512-yJHVQEhyqPLUTgt9B83PXu6W3rx4MvvHvSUvToogpwoGDOUQ+yDrR0HRot+yOCdCO7u4hX3pWft6kWBBcqh0UA==",
      "dev": true,
      "requires": {
        "brace-expansion": "^1.1.7"
      }
    },
    "node-fetch": {
      "version": "2.6.6",
      "resolved": "https://registry.npmjs.org/node-fetch/-/node-fetch-2.6.6.tgz",
      "integrity": "sha512-Z8/6vRlTUChSdIgMa51jxQ4lrw/Jy5SOW10ObaA47/RElsAN2c5Pn8bTgFGWn/ibwzXTE8qwr1Yzx28vsecXEA==",
      "requires": {
        "whatwg-url": "^5.0.0"
      }
    },
    "once": {
      "version": "1.4.0",
      "resolved": "https://registry.npmjs.org/once/-/once-1.4.0.tgz",
      "integrity": "sha1-WDsap3WWHUsROsF9nFC6753Xa9E=",
      "dev": true,
      "requires": {
        "wrappy": "1"
      }
    },
    "original": {
      "version": "1.0.2",
      "resolved": "https://registry.npmjs.org/original/-/original-1.0.2.tgz",
      "integrity": "sha512-hyBVl6iqqUOJ8FqRe+l/gS8H+kKYjrEndd5Pm1MfBtsEKA038HkkdbAl/72EAXGyonD/PFsvmVG+EvcIpliMBg==",
      "requires": {
        "url-parse": "^1.4.3"
      }
    },
    "path-is-absolute": {
      "version": "1.0.1",
      "resolved": "https://registry.npmjs.org/path-is-absolute/-/path-is-absolute-1.0.1.tgz",
      "integrity": "sha1-F0uSaHNVNP+8es5r9TpanhtcX18=",
      "dev": true
    },
    "psl": {
      "version": "1.8.0",
      "resolved": "https://registry.npmjs.org/psl/-/psl-1.8.0.tgz",
      "integrity": "sha512-RIdOzyoavK+hA18OGGWDqUTsCLhtA7IcZ/6NCs4fFJaHBDab+pDDmDIByWFRQJq2Cd7r1OoQxBGKOaztq+hjIQ=="
    },
    "punycode": {
      "version": "2.1.1",
      "resolved": "https://registry.npmjs.org/punycode/-/punycode-2.1.1.tgz",
      "integrity": "sha512-XRsRjdf+j5ml+y/6GKHPZbrF/8p2Yga0JPtdqTIY2Xe5ohJPD9saDJJLPvp9+NSBprVvevdXZybnj2cv8OEd0A=="
    },
    "querystringify": {
      "version": "2.2.0",
      "resolved": "https://registry.npmjs.org/querystringify/-/querystringify-2.2.0.tgz",
      "integrity": "sha512-FIqgj2EUvTa7R50u0rGsyTftzjYmv/a3hO345bZNrqabNqjtgiDMgmo4mkUjd+nzU5oF3dClKqFIPUKybUyqoQ=="
    },
    "requires-port": {
      "version": "1.0.0",
      "resolved": "https://registry.npmjs.org/requires-port/-/requires-port-1.0.0.tgz",
      "integrity": "sha1-kl0mAdOaxIXgkc8NpcbmlNw9yv8="
    },
    "tough-cookie": {
      "version": "4.0.0",
      "resolved": "https://registry.npmjs.org/tough-cookie/-/tough-cookie-4.0.0.tgz",
      "integrity": "sha512-tHdtEpQCMrc1YLrMaqXXcj6AxhYi/xgit6mZu1+EDWUn+qhUf8wMQoFIy9NXuq23zAwtcB0t/MjACGR18pcRbg==",
      "requires": {
        "psl": "^1.1.33",
        "punycode": "^2.1.1",
        "universalify": "^0.1.2"
      }
    },
    "tr46": {
      "version": "0.0.3",
      "resolved": "https://registry.npmjs.org/tr46/-/tr46-0.0.3.tgz",
      "integrity": "sha1-gYT9NH2snNwYWZLzpmIuFLnZq2o="
    },
    "ts-node": {
      "version": "10.4.0",
      "resolved": "https://registry.npmjs.org/ts-node/-/ts-node-10.4.0.tgz",
      "integrity": "sha512-g0FlPvvCXSIO1JDF6S232P5jPYqBkRL9qly81ZgAOSU7rwI0stphCgd2kLiCrU9DjQCrJMWEqcNSjQL02s6d8A==",
      "dev": true,
      "requires": {
        "@cspotcode/source-map-support": "0.7.0",
        "@tsconfig/node10": "^1.0.7",
        "@tsconfig/node12": "^1.0.7",
        "@tsconfig/node14": "^1.0.0",
        "@tsconfig/node16": "^1.0.2",
        "acorn": "^8.4.1",
        "acorn-walk": "^8.1.1",
        "arg": "^4.1.0",
        "create-require": "^1.1.0",
        "diff": "^4.0.1",
        "make-error": "^1.1.1",
        "yn": "3.1.1"
      }
    },
    "universalify": {
      "version": "0.1.2",
      "resolved": "https://registry.npmjs.org/universalify/-/universalify-0.1.2.tgz",
      "integrity": "sha512-rBJeI5CXAlmy1pV+617WB9J63U6XcazHHF2f2dbJix4XzpUF0RS3Zbj0FGIOCAva5P/d/GBOYaACQ1w+0azUkg=="
    },
    "url-parse": {
      "version": "1.5.3",
      "resolved": "https://registry.npmjs.org/url-parse/-/url-parse-1.5.3.tgz",
      "integrity": "sha512-IIORyIQD9rvj0A4CLWsHkBBJuNqWpFQe224b6j9t/ABmquIS0qDU2pY6kl6AuOrL5OkCXHMCFNe1jBcuAggjvQ==",
      "requires": {
        "querystringify": "^2.1.1",
        "requires-port": "^1.0.0"
      }
    },
    "webidl-conversions": {
      "version": "3.0.1",
      "resolved": "https://registry.npmjs.org/webidl-conversions/-/webidl-conversions-3.0.1.tgz",
      "integrity": "sha1-JFNCdeKnvGvnvIZhHMFq4KVlSHE="
    },
    "whatwg-url": {
      "version": "5.0.0",
      "resolved": "https://registry.npmjs.org/whatwg-url/-/whatwg-url-5.0.0.tgz",
      "integrity": "sha1-lmRU6HZUYuN2RNNib2dCzotwll0=",
      "requires": {
        "tr46": "~0.0.3",
        "webidl-conversions": "^3.0.0"
      }
    },
    "wrappy": {
      "version": "1.0.2",
      "resolved": "https://registry.npmjs.org/wrappy/-/wrappy-1.0.2.tgz",
      "integrity": "sha1-tSQ9jz7BqjXxNkYFvA0QNuMKtp8=",
      "dev": true
    },
    "ws": {
      "version": "7.5.6",
      "resolved": "https://registry.npmjs.org/ws/-/ws-7.5.6.tgz",
      "integrity": "sha512-6GLgCqo2cy2A2rjCNFlxQS6ZljG/coZfZXclldI8FB/1G3CCI36Zd8xy2HrFVACi8tfk5XrgLQEk+P0Tnz9UcA=="
    },
    "yn": {
      "version": "3.1.1",
      "resolved": "https://registry.npmjs.org/yn/-/yn-3.1.1.tgz",
      "integrity": "sha512-Ux4ygGWsu2c7isFWe8Yu1YluJmqVhxqK2cLXNQA5AcC3QfbGNpM7fu0Y8b/z16pXLnFxZYvWhd3fhBY9DLmC6Q==",
      "dev": true
    }
  }
}
