
Microsoft Visual Studio Solution File, Format Version 12.00
# Visual Studio Version 17
VisualStudioVersion = 17.0.31912.275
MinimumVisualStudioVersion = 10.0.40219.1
Project("{9A19103F-16F7-4668-BE54-9A1E7A4F7556}") = "Exprazor", "src\Exprazor\Exprazor.csproj", "{98665EF7-E046-4FE0-AEF6-EF15E4751DD7}"
EndProject
Project("{2150E333-8FDC-42A3-9474-1A3956D46DE8}") = "items", "items", "{74885932-F423-40CE-9F7C-671BC198E968}"
	ProjectSection(SolutionItems) = preProject
		.editorconfig = .editorconfig
		.gitignore = .gitignore
		src\Exprazor.AspNetCoreServer.TSInterop\Exprazor.AspNetCore.TSInterop.csproj = src\Exprazor.AspNetCoreServer.TSInterop\Exprazor.AspNetCore.TSInterop.csproj
		README.md = README.md
	EndProjectSection
EndProject
Project("{9A19103F-16F7-4668-BE54-9A1E7A4F7556}") = "Exprazor.Tests", "src\Exprazor.Test\Exprazor.Tests.csproj", "{8F897DF8-C530-455C-B62E-53ABC4F9272E}"
EndProject
Project("{9A19103F-16F7-4668-BE54-9A1E7A4F7556}") = "Exprazor.AspNetCore.Sandbox", "src\Exprazor.AspNetCore.Sandbox\Exprazor.AspNetCore.Sandbox.csproj", "{6AB99670-6F75-4392-BE4E-CD46C99EB653}"
EndProject
Project("{9A19103F-16F7-4668-BE54-9A1E7A4F7556}") = "Exprazor.AspNetCoreServer", "src\Exprazor.AspNetCoreServer\Exprazor.AspNetCoreServer.csproj", "{73B38B4C-E3D3-47F0-B6B9-D80689EAAE56}"
EndProject
Project("{2150E333-8FDC-42A3-9474-1A3956D46DE8}") = "src", "src", "{B00966DA-A3D6-4159-A97C-9F98EFE400FE}"
EndProject
Project("{2150E333-8FDC-42A3-9474-1A3956D46DE8}") = "sandbox", "sandbox", "{10B9CB1F-3A67-4A6B-B9D0-B27BFE7D4EAC}"
EndProject
Project("{2150E333-8FDC-42A3-9474-1A3956D46DE8}") = "tests", "tests", "{91D903E2-8F42-4C07-B0B9-C792C848C7AF}"
EndProject
Project("{9A19103F-16F7-4668-BE54-9A1E7A4F7556}") = "Exprazor.AspNetCoreServer.TSInterop", "src\Exprazor.AspNetCoreServer.TSInterop\Exprazor.AspNetCoreServer.TSInterop.csproj", "{83AE6699-DE46-4D6A-AC47-9322D33C619A}"
EndProject
Project("{FAE04EC0-301F-11D3-BF4B-00C04F79EFBC}") = "Exprazor.TSParser", "Exprazor.TSParser\Exprazor.TSParser.csproj", "{A4A73DA3-9EAC-4CE4-A9D8-6BA974A8C35B}"
EndProject
Global
	GlobalSection(SolutionConfigurationPlatforms) = preSolution
		Debug|Any CPU = Debug|Any CPU
		Release|Any CPU = Release|Any CPU
	EndGlobalSection
	GlobalSection(ProjectConfigurationPlatforms) = postSolution
		{98665EF7-E046-4FE0-AEF6-EF15E4751DD7}.Debug|Any CPU.ActiveCfg = Debug|Any CPU
		{98665EF7-E046-4FE0-AEF6-EF15E4751DD7}.Debug|Any CPU.Build.0 = Debug|Any CPU
		{98665EF7-E046-4FE0-AEF6-EF15E4751DD7}.Release|Any CPU.ActiveCfg = Release|Any CPU
		{98665EF7-E046-4FE0-AEF6-EF15E4751DD7}.Release|Any CPU.Build.0 = Release|Any CPU
		{8F897DF8-C530-455C-B62E-53ABC4F9272E}.Debug|Any CPU.ActiveCfg = Debug|Any CPU
		{8F897DF8-C530-455C-B62E-53ABC4F9272E}.Debug|Any CPU.Build.0 = Debug|Any CPU
		{8F897DF8-C530-455C-B62E-53ABC4F9272E}.Release|Any CPU.ActiveCfg = Release|Any CPU
		{8F897DF8-C530-455C-B62E-53ABC4F9272E}.Release|Any CPU.Build.0 = Release|Any CPU
		{6AB99670-6F75-4392-BE4E-CD46C99EB653}.Debug|Any CPU.ActiveCfg = Debug|Any CPU
		{6AB99670-6F75-4392-BE4E-CD46C99EB653}.Debug|Any CPU.Build.0 = Debug|Any CPU
		{6AB99670-6F75-4392-BE4E-CD46C99EB653}.Release|Any CPU.ActiveCfg = Release|Any CPU
		{6AB99670-6F75-4392-BE4E-CD46C99EB653}.Release|Any CPU.Build.0 = Release|Any CPU
		{73B38B4C-E3D3-47F0-B6B9-D80689EAAE56}.Debug|Any CPU.ActiveCfg = Debug|Any CPU
		{73B38B4C-E3D3-47F0-B6B9-D80689EAAE56}.Debug|Any CPU.Build.0 = Debug|Any CPU
		{73B38B4C-E3D3-47F0-B6B9-D80689EAAE56}.Release|Any CPU.ActiveCfg = Release|Any CPU
		{73B38B4C-E3D3-47F0-B6B9-D80689EAAE56}.Release|Any CPU.Build.0 = Release|Any CPU
		{83AE6699-DE46-4D6A-AC47-9322D33C619A}.Debug|Any CPU.ActiveCfg = Debug|Any CPU
		{83AE6699-DE46-4D6A-AC47-9322D33C619A}.Debug|Any CPU.Build.0 = Debug|Any CPU
		{83AE6699-DE46-4D6A-AC47-9322D33C619A}.Release|Any CPU.ActiveCfg = Release|Any CPU
		{83AE6699-DE46-4D6A-AC47-9322D33C619A}.Release|Any CPU.Build.0 = Release|Any CPU
		{A4A73DA3-9EAC-4CE4-A9D8-6BA974A8C35B}.Debug|Any CPU.ActiveCfg = Debug|Any CPU
		{A4A73DA3-9EAC-4CE4-A9D8-6BA974A8C35B}.Debug|Any CPU.Build.0 = Debug|Any CPU
		{A4A73DA3-9EAC-4CE4-A9D8-6BA974A8C35B}.Release|Any CPU.ActiveCfg = Release|Any CPU
		{A4A73DA3-9EAC-4CE4-A9D8-6BA974A8C35B}.Release|Any CPU.Build.0 = Release|Any CPU
	EndGlobalSection
	GlobalSection(SolutionProperties) = preSolution
		HideSolutionNode = FALSE
	EndGlobalSection
	GlobalSection(NestedProjects) = preSolution
		{98665EF7-E046-4FE0-AEF6-EF15E4751DD7} = {B00966DA-A3D6-4159-A97C-9F98EFE400FE}
		{8F897DF8-C530-455C-B62E-53ABC4F9272E} = {91D903E2-8F42-4C07-B0B9-C792C848C7AF}
		{6AB99670-6F75-4392-BE4E-CD46C99EB653} = {10B9CB1F-3A67-4A6B-B9D0-B27BFE7D4EAC}
		{73B38B4C-E3D3-47F0-B6B9-D80689EAAE56} = {B00966DA-A3D6-4159-A97C-9F98EFE400FE}
		{83AE6699-DE46-4D6A-AC47-9322D33C619A} = {B00966DA-A3D6-4159-A97C-9F98EFE400FE}
		{A4A73DA3-9EAC-4CE4-A9D8-6BA974A8C35B} = {B00966DA-A3D6-4159-A97C-9F98EFE400FE}
	EndGlobalSection
	GlobalSection(ExtensibilityGlobals) = postSolution
		SolutionGuid = {1B1E06EF-145A-4503-8B6B-3DD888974BC8}
	EndGlobalSection
EndGlobal
